<?xml version="1.0" encoding="utf-8"?>
<Project ToolsVersion="4.0" xmlns="http://schemas.microsoft.com/developer/msbuild/2003">
  <ItemGroup>
    <Filter Include="Pep">
      <UniqueIdentifier>{AA14880B-161E-887C-9F99-9E7C0BA2937C}</UniqueIdentifier>
    </Filter>
    <Filter Include="Pep\Events">
      <UniqueIdentifier>{4E9D5696-3A55-98E3-A35C-713F8F3333D4}</UniqueIdentifier>
    </Filter>
    <Filter Include="Pep\imgui">
      <UniqueIdentifier>{9479BFB1-00E4-7328-4922-25CEB5CB517D}</UniqueIdentifier>
    </Filter>
    <Filter Include="Platform">
      <UniqueIdentifier>{2AC788B4-1694-E3BF-3FAD-D1672BD9184E}</UniqueIdentifier>
    </Filter>
    <Filter Include="Platform\OpenGL">
      <UniqueIdentifier>{1E7D2C1D-8A08-9AE1-9319-1DD6FF23F6E1}</UniqueIdentifier>
    </Filter>
    <Filter Include="Platform\Windows">
      <UniqueIdentifier>{64FBD71A-50F4-F66C-7926-DCF1657ED678}</UniqueIdentifier>
    </Filter>
  </ItemGroup>
  <ItemGroup>
    <ClInclude Include="src\Pep.h" />
    <ClInclude Include="src\Pep\Application.h">
      <Filter>Pep</Filter>
    </ClInclude>
    <ClInclude Include="src\Pep\Core.h">
      <Filter>Pep</Filter>
    </ClInclude>
    <ClInclude Include="src\Pep\EntryPoint.h">
      <Filter>Pep</Filter>
    </ClInclude>
    <ClInclude Include="src\Pep\Events\ApplicationEvent.h">
      <Filter>Pep\Events</Filter>
    </ClInclude>
    <ClInclude Include="src\Pep\Events\Event.h">
      <Filter>Pep\Events</Filter>
    </ClInclude>
    <ClInclude Include="src\Pep\Events\KeyEvent.h">
      <Filter>Pep\Events</Filter>
    </ClInclude>
    <ClInclude Include="src\Pep\Events\MouseEvent.h">
      <Filter>Pep\Events</Filter>
    </ClInclude>
    <ClInclude Include="src\Pep\Input.h">
      <Filter>Pep</Filter>
    </ClInclude>
    <ClInclude Include="src\Pep\KeyCodes.h">
      <Filter>Pep</Filter>
    </ClInclude>
    <ClInclude Include="src\Pep\Layer.h">
      <Filter>Pep</Filter>
    </ClInclude>
    <ClInclude Include="src\Pep\LayerStack.h">
      <Filter>Pep</Filter>
    </ClInclude>
    <ClInclude Include="src\Pep\Log.h">
      <Filter>Pep</Filter>
    </ClInclude>
    <ClInclude Include="src\Pep\MouseButtonCodes.h">
      <Filter>Pep</Filter>
    </ClInclude>
    <ClInclude Include="src\Pep\Window.h">
      <Filter>Pep</Filter>
    </ClInclude>
    <ClInclude Include="src\Pep\imgui\ImGuiLayer.h">
      <Filter>Pep\imgui</Filter>
    </ClInclude>
    <ClInclude Include="src\Platform\OpenGL\ImGuiOpenGLRenderer.h">
      <Filter>Platform\OpenGL</Filter>
    </ClInclude>
    <ClInclude Include="src\Platform\Windows\WindowsInput.h">
      <Filter>Platform\Windows</Filter>
    </ClInclude>
    <ClInclude Include="src\Platform\Windows\WindowsWindow.h">
      <Filter>Platform\Windows</Filter>
    </ClInclude>
    <ClInclude Include="src\peppch.h" />
  </ItemGroup>
  <ItemGroup>
    <ClCompile Include="src\Pep\Application.cpp">
      <Filter>Pep</Filter>
    </ClCompile>
    <ClCompile Include="src\Pep\Layer.cpp">
      <Filter>Pep</Filter>
    </ClCompile>
    <ClCompile Include="src\Pep\LayerStack.cpp">
      <Filter>Pep</Filter>
    </ClCompile>
    <ClCompile Include="src\Pep\Log.cpp">
      <Filter>Pep</Filter>
    </ClCompile>
    <ClCompile Include="src\Pep\imgui\ImGuiLayer.cpp">
      <Filter>Pep\imgui</Filter>
    </ClCompile>
    <ClCompile Include="src\Platform\OpenGL\ImGuiOpenGLRenderer.cpp">
      <Filter>Platform\OpenGL</Filter>
    </ClCompile>
    <ClCompile Include="src\Platform\Windows\WindowsInput.cpp">
      <Filter>Platform\Windows</Filter>
    </ClCompile>
    <ClCompile Include="src\Platform\Windows\WindowsWindow.cpp">
      <Filter>Platform\Windows</Filter>
    </ClCompile>
    <ClCompile Include="src\peppch.cpp" />
  </ItemGroup>
</Project>