<?xml version="1.0" encoding="utf-8"?>
<Project ToolsVersion="4.0" xmlns="http://schemas.microsoft.com/developer/msbuild/2003">
  <ItemGroup>
    <Filter Include="Pep">
      <UniqueIdentifier>{AA14880B-161E-887C-9F99-9E7C0BA2937C}</UniqueIdentifier>
    </Filter>
    <Filter Include="Pep\Events">
      <UniqueIdentifier>{4E9D5696-3A55-98E3-A35C-713F8F3333D4}</UniqueIdentifier>
    </Filter>
  </ItemGroup>
  <ItemGroup>
    <ClInclude Include="src\Pep.h" />
    <ClInclude Include="src\Pep\Application.h">
      <Filter>Pep</Filter>
    </ClInclude>
    <ClInclude Include="src\Pep\Core.h">
      <Filter>Pep</Filter>
    </ClInclude>
    <ClInclude Include="src\Pep\EntryPoint.h">
      <Filter>Pep</Filter>
    </ClInclude>
    <ClInclude Include="src\Pep\Events\ApplicationEvent.h">
      <Filter>Pep\Events</Filter>
    </ClInclude>
    <ClInclude Include="src\Pep\Events\Event.h">
      <Filter>Pep\Events</Filter>
    </ClInclude>
    <ClInclude Include="src\Pep\Events\KeyEvent.h">
      <Filter>Pep\Events</Filter>
    </ClInclude>
    <ClInclude Include="src\Pep\Events\MouseEvent.h">
      <Filter>Pep\Events</Filter>
    </ClInclude>
    <ClInclude Include="src\Pep\Layer.h">
      <Filter>Pep</Filter>
    </ClInclude>
    <ClInclude Include="src\Pep\LayerStack.h">
      <Filter>Pep</Filter>
    </ClInclude>
    <ClInclude Include="src\Pep\Log.h">
      <Filter>Pep</Filter>
    </ClInclude>
    <ClInclude Include="src\Pep\Window.h">
      <Filter>Pep</Filter>
    </ClInclude>
    <ClInclude Include="src\Platform\Windows\WindowsWindow.h">
      <Filter>Pep</Filter>
    </ClInclude>
    <ClInclude Include="src\peppch.h" />
    <ClInclude Include="src\Pep\imgui\ImGuiLayer.h" />
    <ClInclude Include="src\Platform\OpenGL\ImGuiOpenGLRenderer.h" />
  </ItemGroup>
  <ItemGroup>
    <ClCompile Include="src\Pep\Application.cpp">
      <Filter>Pep</Filter>
    </ClCompile>
    <ClCompile Include="src\Pep\Layer.cpp">
      <Filter>Pep</Filter>
    </ClCompile>
    <ClCompile Include="src\Pep\LayerStack.cpp">
      <Filter>Pep</Filter>
    </ClCompile>
    <ClCompile Include="src\Pep\Log.cpp">
      <Filter>Pep</Filter>
    </ClCompile>
    <ClCompile Include="src\Platform\Windows\WindowsWindow.cpp">
      <Filter>Pep</Filter>
    </ClCompile>
    <ClCompile Include="src\peppch.cpp" />
    <ClCompile Include="src\Pep\imgui\ImGuiLayer.cpp" />
    <ClCompile Include="src\Platform\OpenGL\ImGuiOpenGLRenderer.cpp" />
  </ItemGroup>
</Project>