<?xml version="1.0" encoding="utf-8"?>
<Project ToolsVersion="4.0" xmlns="http://schemas.microsoft.com/developer/msbuild/2003">
  <ItemGroup>
    <Filter Include="Pep">
      <UniqueIdentifier>{AA14880B-161E-887C-9F99-9E7C0BA2937C}</UniqueIdentifier>
    </Filter>
    <Filter Include="Pep\Events">
      <UniqueIdentifier>{4E9D5696-3A55-98E3-A35C-713F8F3333D4}</UniqueIdentifier>
    </Filter>
    <Filter Include="Pep\Platform">
      <UniqueIdentifier>{57442b8d-8df3-48f0-9135-973781ffb582}</UniqueIdentifier>
    </Filter>
    <Filter Include="Pep\Platform\Windows">
      <UniqueIdentifier>{b2783882-56fb-4b19-83e5-5a944d9c745e}</UniqueIdentifier>
    </Filter>
  </ItemGroup>
  <ItemGroup>
    <ClInclude Include="src\Pep.h" />
    <ClInclude Include="src\Pep\Application.h">
      <Filter>Pep</Filter>
    </ClInclude>
    <ClInclude Include="src\Pep\Core.h">
      <Filter>Pep</Filter>
    </ClInclude>
    <ClInclude Include="src\Pep\EntryPoint.h">
      <Filter>Pep</Filter>
    </ClInclude>
    <ClInclude Include="src\Pep\Events\ApplicationEvent.h">
      <Filter>Pep\Events</Filter>
    </ClInclude>
    <ClInclude Include="src\Pep\Events\Event.h">
      <Filter>Pep\Events</Filter>
    </ClInclude>
    <ClInclude Include="src\Pep\Events\KeyEvent.h">
      <Filter>Pep\Events</Filter>
    </ClInclude>
    <ClInclude Include="src\Pep\Events\MouseEvent.h">
      <Filter>Pep\Events</Filter>
    </ClInclude>
    <ClInclude Include="src\Pep\Log.h">
      <Filter>Pep</Filter>
    </ClInclude>
    <ClInclude Include="src\peppch.h" />
    <ClInclude Include="src\Pep\Window.h" />
    <ClInclude Include="src\Pep\WindowsWindow.h" />
  </ItemGroup>
  <ItemGroup>
    <ClCompile Include="src\Pep\Application.cpp">
      <Filter>Pep</Filter>
    </ClCompile>
    <ClCompile Include="src\Pep\Log.cpp">
      <Filter>Pep</Filter>
    </ClCompile>
    <ClCompile Include="src\peppch.cpp" />
    <ClCompile Include="src\Pep\WindowsWindow.cpp" />
  </ItemGroup>
</Project>